<?xml version="1.0" encoding="utf-8"?>
<Project ToolsVersion="4.0" xmlns="http://schemas.microsoft.com/developer/msbuild/2003">
  <ItemGroup>
    <Filter Include="Revampire">
      <UniqueIdentifier>{4FC737F1-C7A5-4376-A066-2A32D752A2FF}</UniqueIdentifier>
      <Extensions>cpp;c;cc;cxx;c++;cppm;ixx;def;odl;idl;hpj;bat;asm;asmx</Extensions>
    </Filter>
    <Filter Include="VmpCore">
      <UniqueIdentifier>{15e33584-b516-47e7-9a4f-1cb67cd8170c}</UniqueIdentifier>
    </Filter>
    <Filter Include="Helper">
      <UniqueIdentifier>{485076a6-7873-445f-ae56-6a4e89933fb0}</UniqueIdentifier>
    </Filter>
    <Filter Include="GhidraExtension">
      <UniqueIdentifier>{267dd598-d432-4285-84e8-79acee4a4c91}</UniqueIdentifier>
    </Filter>
    <Filter Include="Manager">
      <UniqueIdentifier>{fed5abcf-ab2e-4474-baba-d33dbb7149d0}</UniqueIdentifier>
    </Filter>
    <Filter Include="Ghidra">
      <UniqueIdentifier>{ad1e2970-504d-433b-94fe-8d1fddf964ac}</UniqueIdentifier>
    </Filter>
  </ItemGroup>
  <ItemGroup>
    <ClCompile Include="main.cpp">
      <Filter>Revampire</Filter>
    </ClCompile>
    <ClCompile Include="IDAPlugin.cpp">
      <Filter>Revampire</Filter>
    </ClCompile>
    <ClCompile Include="VmpCore\VmpReEngine.cpp">
      <Filter>VmpCore</Filter>
    </ClCompile>
    <ClCompile Include="GhidraExtension\IDALoadImage.cpp">
      <Filter>GhidraExtension</Filter>
    </ClCompile>
    <ClCompile Include="Helper\IDAWrapper.cpp">
      <Filter>Helper</Filter>
    </ClCompile>
    <ClCompile Include="GhidraExtension\VmpFunction.cpp">
      <Filter>GhidraExtension</Filter>
    </ClCompile>
    <ClCompile Include="GhidraExtension\VmpArch.cpp">
      <Filter>GhidraExtension</Filter>
    </ClCompile>
    <ClCompile Include="GhidraExtension\PrintManager.cpp">
      <Filter>GhidraExtension</Filter>
    </ClCompile>
    <ClCompile Include="GhidraExtension\VmpControlFlow.cpp">
      <Filter>GhidraExtension</Filter>
    </ClCompile>
    <ClCompile Include="Helper\UnicornHelper.cpp">
      <Filter>Helper</Filter>
    </ClCompile>
    <ClCompile Include="VmpCore\VmpTraceFlowGraph.cpp">
      <Filter>VmpCore</Filter>
    </ClCompile>
    <ClCompile Include="Manager\DisasmManager.cpp">
      <Filter>Manager</Filter>
    </ClCompile>
    <ClCompile Include="Manager\SectionManager.cpp">
      <Filter>Manager</Filter>
    </ClCompile>
    <ClCompile Include="Manager\exceptions.cpp">
      <Filter>Manager</Filter>
    </ClCompile>
    <ClCompile Include="GhidraExtension\VmpInstruction.cpp">
      <Filter>GhidraExtension</Filter>
    </ClCompile>
    <ClCompile Include="VmpCore\VmpUnicorn.cpp">
      <Filter>VmpCore</Filter>
    </ClCompile>
    <ClCompile Include="Manager\VmpVersionManager.cpp">
      <Filter>Manager</Filter>
    </ClCompile>
    <ClCompile Include="GhidraExtension\VmpNode.cpp">
      <Filter>GhidraExtension</Filter>
    </ClCompile>
    <ClCompile Include="Ghidra\action.cc">
      <Filter>Ghidra</Filter>
    </ClCompile>
    <ClCompile Include="Ghidra\address.cc">
      <Filter>Ghidra</Filter>
    </ClCompile>
    <ClCompile Include="Ghidra\architecture.cc">
      <Filter>Ghidra</Filter>
    </ClCompile>
    <ClCompile Include="Ghidra\block.cc">
      <Filter>Ghidra</Filter>
    </ClCompile>
    <ClCompile Include="Ghidra\blockaction.cc">
      <Filter>Ghidra</Filter>
    </ClCompile>
    <ClCompile Include="Ghidra\callgraph.cc">
      <Filter>Ghidra</Filter>
    </ClCompile>
    <ClCompile Include="Ghidra\capability.cc">
      <Filter>Ghidra</Filter>
    </ClCompile>
    <ClCompile Include="Ghidra\cast.cc">
      <Filter>Ghidra</Filter>
    </ClCompile>
    <ClCompile Include="Ghidra\comment.cc">
      <Filter>Ghidra</Filter>
    </ClCompile>
    <ClCompile Include="Ghidra\comment_ghidra.cc">
      <Filter>Ghidra</Filter>
    </ClCompile>
    <ClCompile Include="Ghidra\condexe.cc">
      <Filter>Ghidra</Filter>
    </ClCompile>
    <ClCompile Include="Ghidra\context.cc">
      <Filter>Ghidra</Filter>
    </ClCompile>
    <ClCompile Include="Ghidra\coreaction.cc">
      <Filter>Ghidra</Filter>
    </ClCompile>
    <ClCompile Include="Ghidra\cover.cc">
      <Filter>Ghidra</Filter>
    </ClCompile>
    <ClCompile Include="Ghidra\cpool.cc">
      <Filter>Ghidra</Filter>
    </ClCompile>
    <ClCompile Include="Ghidra\cpool_ghidra.cc">
      <Filter>Ghidra</Filter>
    </ClCompile>
    <ClCompile Include="Ghidra\crc32.cc">
      <Filter>Ghidra</Filter>
    </ClCompile>
    <ClCompile Include="Ghidra\database.cc">
      <Filter>Ghidra</Filter>
    </ClCompile>
    <ClCompile Include="Ghidra\database_ghidra.cc">
      <Filter>Ghidra</Filter>
    </ClCompile>
    <ClCompile Include="Ghidra\double.cc">
      <Filter>Ghidra</Filter>
    </ClCompile>
    <ClCompile Include="Ghidra\dynamic.cc">
      <Filter>Ghidra</Filter>
    </ClCompile>
    <ClCompile Include="Ghidra\emulate.cc">
      <Filter>Ghidra</Filter>
    </ClCompile>
    <ClCompile Include="Ghidra\emulateutil.cc">
      <Filter>Ghidra</Filter>
    </ClCompile>
    <ClCompile Include="Ghidra\filemanage.cc">
      <Filter>Ghidra</Filter>
    </ClCompile>
    <ClCompile Include="Ghidra\float.cc">
      <Filter>Ghidra</Filter>
    </ClCompile>
    <ClCompile Include="Ghidra\flow.cc">
      <Filter>Ghidra</Filter>
    </ClCompile>
    <ClCompile Include="Ghidra\fspec.cc">
      <Filter>Ghidra</Filter>
    </ClCompile>
    <ClCompile Include="Ghidra\funcdata.cc">
      <Filter>Ghidra</Filter>
    </ClCompile>
    <ClCompile Include="Ghidra\funcdata_block.cc">
      <Filter>Ghidra</Filter>
    </ClCompile>
    <ClCompile Include="Ghidra\funcdata_op.cc">
      <Filter>Ghidra</Filter>
    </ClCompile>
    <ClCompile Include="Ghidra\funcdata_varnode.cc">
      <Filter>Ghidra</Filter>
    </ClCompile>
    <ClCompile Include="Ghidra\ghidra_arch.cc">
      <Filter>Ghidra</Filter>
    </ClCompile>
    <ClCompile Include="Ghidra\ghidra_context.cc">
      <Filter>Ghidra</Filter>
    </ClCompile>
    <ClCompile Include="Ghidra\ghidra_translate.cc">
      <Filter>Ghidra</Filter>
    </ClCompile>
    <ClCompile Include="Ghidra\globalcontext.cc">
      <Filter>Ghidra</Filter>
    </ClCompile>
    <ClCompile Include="Ghidra\grammar.cc">
      <Filter>Ghidra</Filter>
    </ClCompile>
    <ClCompile Include="Ghidra\graph.cc">
      <Filter>Ghidra</Filter>
    </ClCompile>
    <ClCompile Include="Ghidra\heritage.cc">
      <Filter>Ghidra</Filter>
    </ClCompile>
    <ClCompile Include="Ghidra\inject_ghidra.cc">
      <Filter>Ghidra</Filter>
    </ClCompile>
    <ClCompile Include="Ghidra\inject_sleigh.cc">
      <Filter>Ghidra</Filter>
    </ClCompile>
    <ClCompile Include="Ghidra\interface.cc">
      <Filter>Ghidra</Filter>
    </ClCompile>
    <ClCompile Include="Ghidra\jumptable.cc">
      <Filter>Ghidra</Filter>
    </ClCompile>
    <ClCompile Include="Ghidra\libdecomp.cc">
      <Filter>Ghidra</Filter>
    </ClCompile>
    <ClCompile Include="Ghidra\loadimage.cc">
      <Filter>Ghidra</Filter>
    </ClCompile>
    <ClCompile Include="Ghidra\loadimage_ghidra.cc">
      <Filter>Ghidra</Filter>
    </ClCompile>
    <ClCompile Include="Ghidra\loadimage_xml.cc">
      <Filter>Ghidra</Filter>
    </ClCompile>
    <ClCompile Include="Ghidra\marshal.cc">
      <Filter>Ghidra</Filter>
    </ClCompile>
    <ClCompile Include="Ghidra\memstate.cc">
      <Filter>Ghidra</Filter>
    </ClCompile>
    <ClCompile Include="Ghidra\merge.cc">
      <Filter>Ghidra</Filter>
    </ClCompile>
    <ClCompile Include="Ghidra\modelrules.cc">
      <Filter>Ghidra</Filter>
    </ClCompile>
    <ClCompile Include="Ghidra\op.cc">
      <Filter>Ghidra</Filter>
    </ClCompile>
    <ClCompile Include="Ghidra\opbehavior.cc">
      <Filter>Ghidra</Filter>
    </ClCompile>
    <ClCompile Include="Ghidra\opcodes.cc">
      <Filter>Ghidra</Filter>
    </ClCompile>
    <ClCompile Include="Ghidra\options.cc">
      <Filter>Ghidra</Filter>
    </ClCompile>
    <ClCompile Include="Ghidra\override.cc">
      <Filter>Ghidra</Filter>
    </ClCompile>
    <ClCompile Include="Ghidra\paramid.cc">
      <Filter>Ghidra</Filter>
    </ClCompile>
    <ClCompile Include="Ghidra\pcodecompile.cc">
      <Filter>Ghidra</Filter>
    </ClCompile>
    <ClCompile Include="Ghidra\pcodeinject.cc">
      <Filter>Ghidra</Filter>
    </ClCompile>
    <ClCompile Include="Ghidra\pcodeparse.cc">
      <Filter>Ghidra</Filter>
    </ClCompile>
    <ClCompile Include="Ghidra\pcoderaw.cc">
      <Filter>Ghidra</Filter>
    </ClCompile>
    <ClCompile Include="Ghidra\prefersplit.cc">
      <Filter>Ghidra</Filter>
    </ClCompile>
    <ClCompile Include="Ghidra\prettyprint.cc">
      <Filter>Ghidra</Filter>
    </ClCompile>
    <ClCompile Include="Ghidra\printc.cc">
      <Filter>Ghidra</Filter>
    </ClCompile>
    <ClCompile Include="Ghidra\printjava.cc">
      <Filter>Ghidra</Filter>
    </ClCompile>
    <ClCompile Include="Ghidra\printlanguage.cc">
      <Filter>Ghidra</Filter>
    </ClCompile>
    <ClCompile Include="Ghidra\rangeutil.cc">
      <Filter>Ghidra</Filter>
    </ClCompile>
    <ClCompile Include="Ghidra\raw_arch.cc">
      <Filter>Ghidra</Filter>
    </ClCompile>
    <ClCompile Include="Ghidra\ruleaction.cc">
      <Filter>Ghidra</Filter>
    </ClCompile>
    <ClCompile Include="Ghidra\rulecompile.cc">
      <Filter>Ghidra</Filter>
    </ClCompile>
    <ClCompile Include="Ghidra\semantics.cc">
      <Filter>Ghidra</Filter>
    </ClCompile>
    <ClCompile Include="Ghidra\signature.cc">
      <Filter>Ghidra</Filter>
    </ClCompile>
    <ClCompile Include="Ghidra\sleigh.cc">
      <Filter>Ghidra</Filter>
    </ClCompile>
    <ClCompile Include="Ghidra\sleigh_arch.cc">
      <Filter>Ghidra</Filter>
    </ClCompile>
    <ClCompile Include="Ghidra\sleighbase.cc">
      <Filter>Ghidra</Filter>
    </ClCompile>
    <ClCompile Include="Ghidra\slghpatexpress.cc">
      <Filter>Ghidra</Filter>
    </ClCompile>
    <ClCompile Include="Ghidra\slghpattern.cc">
      <Filter>Ghidra</Filter>
    </ClCompile>
    <ClCompile Include="Ghidra\slghsymbol.cc">
      <Filter>Ghidra</Filter>
    </ClCompile>
    <ClCompile Include="Ghidra\space.cc">
      <Filter>Ghidra</Filter>
    </ClCompile>
    <ClCompile Include="Ghidra\string_ghidra.cc">
      <Filter>Ghidra</Filter>
    </ClCompile>
    <ClCompile Include="Ghidra\stringmanage.cc">
      <Filter>Ghidra</Filter>
    </ClCompile>
    <ClCompile Include="Ghidra\subflow.cc">
      <Filter>Ghidra</Filter>
    </ClCompile>
    <ClCompile Include="Ghidra\transform.cc">
      <Filter>Ghidra</Filter>
    </ClCompile>
    <ClCompile Include="Ghidra\translate.cc">
      <Filter>Ghidra</Filter>
    </ClCompile>
    <ClCompile Include="Ghidra\type.cc">
      <Filter>Ghidra</Filter>
    </ClCompile>
    <ClCompile Include="Ghidra\typegrp_ghidra.cc">
      <Filter>Ghidra</Filter>
    </ClCompile>
    <ClCompile Include="Ghidra\typeop.cc">
      <Filter>Ghidra</Filter>
    </ClCompile>
    <ClCompile Include="Ghidra\unify.cc">
      <Filter>Ghidra</Filter>
    </ClCompile>
    <ClCompile Include="Ghidra\unionresolve.cc">
      <Filter>Ghidra</Filter>
    </ClCompile>
    <ClCompile Include="Ghidra\userop.cc">
      <Filter>Ghidra</Filter>
    </ClCompile>
    <ClCompile Include="Ghidra\variable.cc">
      <Filter>Ghidra</Filter>
    </ClCompile>
    <ClCompile Include="Ghidra\varmap.cc">
      <Filter>Ghidra</Filter>
    </ClCompile>
    <ClCompile Include="Ghidra\varnode.cc">
      <Filter>Ghidra</Filter>
    </ClCompile>
    <ClCompile Include="Ghidra\xml.cc">
      <Filter>Ghidra</Filter>
    </ClCompile>
    <ClCompile Include="Ghidra\xml_arch.cc">
      <Filter>Ghidra</Filter>
    </ClCompile>
    <ClCompile Include="GhidraExtension\FuncBuildHelper.cpp">
      <Filter>GhidraExtension</Filter>
    </ClCompile>
    <ClCompile Include="GhidraExtension\VmpAction.cpp">
      <Filter>GhidraExtension</Filter>
    </ClCompile>
    <ClCompile Include="GhidraExtension\VmpRule.cpp">
      <Filter>GhidraExtension</Filter>
    </ClCompile>
    <ClCompile Include="Helper\GhidraHelper.cpp">
      <Filter>Helper</Filter>
    </ClCompile>
    <ClCompile Include="VmpCore\VmpBlockBuilder.cpp">
      <Filter>VmpCore</Filter>
    </ClCompile>
  </ItemGroup>
  <ItemGroup>
    <ClInclude Include="IDAPlugin.h">
      <Filter>Revampire</Filter>
    </ClInclude>
    <ClInclude Include="VmpCore\VmpReEngine.h">
      <Filter>VmpCore</Filter>
    </ClInclude>
    <ClInclude Include="GhidraExtension\IDALoadImage.h">
      <Filter>GhidraExtension</Filter>
    </ClInclude>
    <ClInclude Include="Helper\IDAWrapper.h">
      <Filter>Helper</Filter>
    </ClInclude>
    <ClInclude Include="GhidraExtension\VmpFunction.h">
      <Filter>GhidraExtension</Filter>
    </ClInclude>
    <ClInclude Include="GhidraExtension\VmpArch.h">
      <Filter>GhidraExtension</Filter>
    </ClInclude>
    <ClInclude Include="GhidraExtension\PrintManager.h">
      <Filter>GhidraExtension</Filter>
    </ClInclude>
    <ClInclude Include="GhidraExtension\VmpControlFlow.h">
      <Filter>GhidraExtension</Filter>
    </ClInclude>
    <ClInclude Include="Helper\UnicornHelper.h">
      <Filter>Helper</Filter>
    </ClInclude>
    <ClInclude Include="VmpCore\VmpTraceFlowGraph.h">
      <Filter>VmpCore</Filter>
    </ClInclude>
    <ClInclude Include="Manager\DisasmManager.h">
      <Filter>Manager</Filter>
    </ClInclude>
    <ClInclude Include="Manager\SectionManager.h">
      <Filter>Manager</Filter>
    </ClInclude>
    <ClInclude Include="Manager\exceptions.h">
      <Filter>Manager</Filter>
    </ClInclude>
    <ClInclude Include="GhidraExtension\VmpInstruction.h">
      <Filter>GhidraExtension</Filter>
    </ClInclude>
    <ClInclude Include="VmpCore\VmpUnicorn.h">
      <Filter>VmpCore</Filter>
    </ClInclude>
    <ClInclude Include="Manager\VmpVersionManager.h">
      <Filter>Manager</Filter>
    </ClInclude>
    <ClInclude Include="GhidraExtension\VmpNode.h">
      <Filter>GhidraExtension</Filter>
    </ClInclude>
    <ClInclude Include="Ghidra\xml_arch.hh">
      <Filter>Ghidra</Filter>
    </ClInclude>
    <ClInclude Include="Ghidra\action.hh">
      <Filter>Ghidra</Filter>
    </ClInclude>
    <ClInclude Include="Ghidra\address.hh">
      <Filter>Ghidra</Filter>
    </ClInclude>
    <ClInclude Include="Ghidra\architecture.hh">
      <Filter>Ghidra</Filter>
    </ClInclude>
    <ClInclude Include="Ghidra\block.hh">
      <Filter>Ghidra</Filter>
    </ClInclude>
    <ClInclude Include="Ghidra\blockaction.hh">
      <Filter>Ghidra</Filter>
    </ClInclude>
    <ClInclude Include="Ghidra\callgraph.hh">
      <Filter>Ghidra</Filter>
    </ClInclude>
    <ClInclude Include="Ghidra\capability.hh">
      <Filter>Ghidra</Filter>
    </ClInclude>
    <ClInclude Include="Ghidra\cast.hh">
      <Filter>Ghidra</Filter>
    </ClInclude>
    <ClInclude Include="Ghidra\comment.hh">
      <Filter>Ghidra</Filter>
    </ClInclude>
    <ClInclude Include="Ghidra\comment_ghidra.hh">
      <Filter>Ghidra</Filter>
    </ClInclude>
    <ClInclude Include="Ghidra\condexe.hh">
      <Filter>Ghidra</Filter>
    </ClInclude>
    <ClInclude Include="Ghidra\context.hh">
      <Filter>Ghidra</Filter>
    </ClInclude>
    <ClInclude Include="Ghidra\coreaction.hh">
      <Filter>Ghidra</Filter>
    </ClInclude>
    <ClInclude Include="Ghidra\cover.hh">
      <Filter>Ghidra</Filter>
    </ClInclude>
    <ClInclude Include="Ghidra\cpool.hh">
      <Filter>Ghidra</Filter>
    </ClInclude>
    <ClInclude Include="Ghidra\cpool_ghidra.hh">
      <Filter>Ghidra</Filter>
    </ClInclude>
    <ClInclude Include="Ghidra\crc32.hh">
      <Filter>Ghidra</Filter>
    </ClInclude>
    <ClInclude Include="Ghidra\database.hh">
      <Filter>Ghidra</Filter>
    </ClInclude>
    <ClInclude Include="Ghidra\database_ghidra.hh">
      <Filter>Ghidra</Filter>
    </ClInclude>
    <ClInclude Include="Ghidra\doccore.hh">
      <Filter>Ghidra</Filter>
    </ClInclude>
    <ClInclude Include="Ghidra\docmain.hh">
      <Filter>Ghidra</Filter>
    </ClInclude>
    <ClInclude Include="Ghidra\double.hh">
      <Filter>Ghidra</Filter>
    </ClInclude>
    <ClInclude Include="Ghidra\dynamic.hh">
      <Filter>Ghidra</Filter>
    </ClInclude>
    <ClInclude Include="Ghidra\emulate.hh">
      <Filter>Ghidra</Filter>
    </ClInclude>
    <ClInclude Include="Ghidra\emulateutil.hh">
      <Filter>Ghidra</Filter>
    </ClInclude>
    <ClInclude Include="Ghidra\error.hh">
      <Filter>Ghidra</Filter>
    </ClInclude>
    <ClInclude Include="Ghidra\filemanage.hh">
      <Filter>Ghidra</Filter>
    </ClInclude>
    <ClInclude Include="Ghidra\float.hh">
      <Filter>Ghidra</Filter>
    </ClInclude>
    <ClInclude Include="Ghidra\flow.hh">
      <Filter>Ghidra</Filter>
    </ClInclude>
    <ClInclude Include="Ghidra\fspec.hh">
      <Filter>Ghidra</Filter>
    </ClInclude>
    <ClInclude Include="Ghidra\funcdata.hh">
      <Filter>Ghidra</Filter>
    </ClInclude>
    <ClInclude Include="Ghidra\ghidra_arch.hh">
      <Filter>Ghidra</Filter>
    </ClInclude>
    <ClInclude Include="Ghidra\ghidra_context.hh">
      <Filter>Ghidra</Filter>
    </ClInclude>
    <ClInclude Include="Ghidra\ghidra_translate.hh">
      <Filter>Ghidra</Filter>
    </ClInclude>
    <ClInclude Include="Ghidra\globalcontext.hh">
      <Filter>Ghidra</Filter>
    </ClInclude>
    <ClInclude Include="Ghidra\grammar.hh">
      <Filter>Ghidra</Filter>
    </ClInclude>
    <ClInclude Include="Ghidra\graph.hh">
      <Filter>Ghidra</Filter>
    </ClInclude>
    <ClInclude Include="Ghidra\heritage.hh">
      <Filter>Ghidra</Filter>
    </ClInclude>
    <ClInclude Include="Ghidra\inject_ghidra.hh">
      <Filter>Ghidra</Filter>
    </ClInclude>
    <ClInclude Include="Ghidra\inject_sleigh.hh">
      <Filter>Ghidra</Filter>
    </ClInclude>
    <ClInclude Include="Ghidra\interface.hh">
      <Filter>Ghidra</Filter>
    </ClInclude>
    <ClInclude Include="Ghidra\jumptable.hh">
      <Filter>Ghidra</Filter>
    </ClInclude>
    <ClInclude Include="Ghidra\libdecomp.hh">
      <Filter>Ghidra</Filter>
    </ClInclude>
    <ClInclude Include="Ghidra\loadimage.hh">
      <Filter>Ghidra</Filter>
    </ClInclude>
    <ClInclude Include="Ghidra\loadimage_ghidra.hh">
      <Filter>Ghidra</Filter>
    </ClInclude>
    <ClInclude Include="Ghidra\loadimage_xml.hh">
      <Filter>Ghidra</Filter>
    </ClInclude>
    <ClInclude Include="Ghidra\marshal.hh">
      <Filter>Ghidra</Filter>
    </ClInclude>
    <ClInclude Include="Ghidra\memstate.hh">
      <Filter>Ghidra</Filter>
    </ClInclude>
    <ClInclude Include="Ghidra\merge.hh">
      <Filter>Ghidra</Filter>
    </ClInclude>
    <ClInclude Include="Ghidra\modelrules.hh">
      <Filter>Ghidra</Filter>
    </ClInclude>
    <ClInclude Include="Ghidra\op.hh">
      <Filter>Ghidra</Filter>
    </ClInclude>
    <ClInclude Include="Ghidra\opbehavior.hh">
      <Filter>Ghidra</Filter>
    </ClInclude>
    <ClInclude Include="Ghidra\opcodes.hh">
      <Filter>Ghidra</Filter>
    </ClInclude>
    <ClInclude Include="Ghidra\options.hh">
      <Filter>Ghidra</Filter>
    </ClInclude>
    <ClInclude Include="Ghidra\override.hh">
      <Filter>Ghidra</Filter>
    </ClInclude>
    <ClInclude Include="Ghidra\paramid.hh">
      <Filter>Ghidra</Filter>
    </ClInclude>
    <ClInclude Include="Ghidra\partmap.hh">
      <Filter>Ghidra</Filter>
    </ClInclude>
    <ClInclude Include="Ghidra\pcodecompile.hh">
      <Filter>Ghidra</Filter>
    </ClInclude>
    <ClInclude Include="Ghidra\pcodeinject.hh">
      <Filter>Ghidra</Filter>
    </ClInclude>
    <ClInclude Include="Ghidra\pcodeparse.hh">
      <Filter>Ghidra</Filter>
    </ClInclude>
    <ClInclude Include="Ghidra\pcoderaw.hh">
      <Filter>Ghidra</Filter>
    </ClInclude>
    <ClInclude Include="Ghidra\prefersplit.hh">
      <Filter>Ghidra</Filter>
    </ClInclude>
    <ClInclude Include="Ghidra\prettyprint.hh">
      <Filter>Ghidra</Filter>
    </ClInclude>
    <ClInclude Include="Ghidra\printc.hh">
      <Filter>Ghidra</Filter>
    </ClInclude>
    <ClInclude Include="Ghidra\printjava.hh">
      <Filter>Ghidra</Filter>
    </ClInclude>
    <ClInclude Include="Ghidra\printlanguage.hh">
      <Filter>Ghidra</Filter>
    </ClInclude>
    <ClInclude Include="Ghidra\rangemap.hh">
      <Filter>Ghidra</Filter>
    </ClInclude>
    <ClInclude Include="Ghidra\rangeutil.hh">
      <Filter>Ghidra</Filter>
    </ClInclude>
    <ClInclude Include="Ghidra\raw_arch.hh">
      <Filter>Ghidra</Filter>
    </ClInclude>
    <ClInclude Include="Ghidra\ruleaction.hh">
      <Filter>Ghidra</Filter>
    </ClInclude>
    <ClInclude Include="Ghidra\rulecompile.hh">
      <Filter>Ghidra</Filter>
    </ClInclude>
    <ClInclude Include="Ghidra\semantics.hh">
      <Filter>Ghidra</Filter>
    </ClInclude>
    <ClInclude Include="Ghidra\signature.hh">
      <Filter>Ghidra</Filter>
    </ClInclude>
    <ClInclude Include="Ghidra\sleigh.hh">
      <Filter>Ghidra</Filter>
    </ClInclude>
    <ClInclude Include="Ghidra\sleigh_arch.hh">
      <Filter>Ghidra</Filter>
    </ClInclude>
    <ClInclude Include="Ghidra\sleighbase.hh">
      <Filter>Ghidra</Filter>
    </ClInclude>
    <ClInclude Include="Ghidra\slghpatexpress.hh">
      <Filter>Ghidra</Filter>
    </ClInclude>
    <ClInclude Include="Ghidra\slghpattern.hh">
      <Filter>Ghidra</Filter>
    </ClInclude>
    <ClInclude Include="Ghidra\slghsymbol.hh">
      <Filter>Ghidra</Filter>
    </ClInclude>
    <ClInclude Include="Ghidra\space.hh">
      <Filter>Ghidra</Filter>
    </ClInclude>
    <ClInclude Include="Ghidra\string_ghidra.hh">
      <Filter>Ghidra</Filter>
    </ClInclude>
    <ClInclude Include="Ghidra\stringmanage.hh">
      <Filter>Ghidra</Filter>
    </ClInclude>
    <ClInclude Include="Ghidra\subflow.hh">
      <Filter>Ghidra</Filter>
    </ClInclude>
    <ClInclude Include="Ghidra\transform.hh">
      <Filter>Ghidra</Filter>
    </ClInclude>
    <ClInclude Include="Ghidra\translate.hh">
      <Filter>Ghidra</Filter>
    </ClInclude>
    <ClInclude Include="Ghidra\type.hh">
      <Filter>Ghidra</Filter>
    </ClInclude>
    <ClInclude Include="Ghidra\typegrp_ghidra.hh">
      <Filter>Ghidra</Filter>
    </ClInclude>
    <ClInclude Include="Ghidra\typeop.hh">
      <Filter>Ghidra</Filter>
    </ClInclude>
    <ClInclude Include="Ghidra\types.h">
      <Filter>Ghidra</Filter>
    </ClInclude>
    <ClInclude Include="Ghidra\unify.hh">
      <Filter>Ghidra</Filter>
    </ClInclude>
    <ClInclude Include="Ghidra\unionresolve.hh">
      <Filter>Ghidra</Filter>
    </ClInclude>
    <ClInclude Include="Ghidra\userop.hh">
      <Filter>Ghidra</Filter>
    </ClInclude>
    <ClInclude Include="Ghidra\variable.hh">
      <Filter>Ghidra</Filter>
    </ClInclude>
    <ClInclude Include="Ghidra\varmap.hh">
      <Filter>Ghidra</Filter>
    </ClInclude>
    <ClInclude Include="Ghidra\varnode.hh">
      <Filter>Ghidra</Filter>
    </ClInclude>
    <ClInclude Include="Ghidra\xml.hh">
      <Filter>Ghidra</Filter>
    </ClInclude>
    <ClInclude Include="GhidraExtension\FuncBuildHelper.h">
      <Filter>GhidraExtension</Filter>
    </ClInclude>
    <ClInclude Include="GhidraExtension\VmpAction.h">
      <Filter>GhidraExtension</Filter>
    </ClInclude>
    <ClInclude Include="GhidraExtension\VmpRule.h">
      <Filter>GhidraExtension</Filter>
    </ClInclude>
    <ClInclude Include="Helper\GhidraHelper.h">
      <Filter>Helper</Filter>
    </ClInclude>
    <ClInclude Include="VmpCore\VmpBlockBuilder.h">
      <Filter>VmpCore</Filter>
    </ClInclude>
  </ItemGroup>
  <ItemGroup>
    <None Include="Ghidra\Doxyfile">
      <Filter>Ghidra</Filter>
    </None>
    <None Include="Ghidra\grammar.y">
      <Filter>Ghidra</Filter>
    </None>
    <None Include="Ghidra\pcodeparse.y">
      <Filter>Ghidra</Filter>
    </None>
    <None Include="Ghidra\ruleparse.y">
      <Filter>Ghidra</Filter>
    </None>
    <None Include="Ghidra\slghparse.y">
      <Filter>Ghidra</Filter>
    </None>
    <None Include="Ghidra\slghscan.l">
      <Filter>Ghidra</Filter>
    </None>
    <None Include="Ghidra\xml.y">
      <Filter>Ghidra</Filter>
    </None>
  </ItemGroup>
</Project>